
Microsoft Visual Studio Solution File, Format Version 12.00
Project("{FAE04EC0-301F-11D3-BF4B-00C04F79EFBC}") = "Api", "Api\Api.csproj", "{D4A23CB5-599B-4F45-80C4-E7BA03EEEC5A}"
EndProject
Project("{FAE04EC0-301F-11D3-BF4B-00C04F79EFBC}") = "Data", "Data\Data.csproj", "{C8D62EDD-A5DC-4B35-98A7-D049A47279D2}"
EndProject
Project("{FAE04EC0-301F-11D3-BF4B-00C04F79EFBC}") = "Infrastructure", "Infrastructure\Infrastructure.csproj", "{5057F656-972E-4BDD-B669-D05A440B344C}"
EndProject
Global
	GlobalSection(SolutionConfigurationPlatforms) = preSolution
		Debug|Any CPU = Debug|Any CPU
		Release|Any CPU = Release|Any CPU
	EndGlobalSection
	GlobalSection(ProjectConfigurationPlatforms) = postSolution
		{D4A23CB5-599B-4F45-80C4-E7BA03EEEC5A}.Debug|Any CPU.ActiveCfg = Debug|Any CPU
		{D4A23CB5-599B-4F45-80C4-E7BA03EEEC5A}.Debug|Any CPU.Build.0 = Debug|Any CPU
		{D4A23CB5-599B-4F45-80C4-E7BA03EEEC5A}.Release|Any CPU.ActiveCfg = Release|Any CPU
		{D4A23CB5-599B-4F45-80C4-E7BA03EEEC5A}.Release|Any CPU.Build.0 = Release|Any CPU
		{C8D62EDD-A5DC-4B35-98A7-D049A47279D2}.Debug|Any CPU.ActiveCfg = Debug|Any CPU
		{C8D62EDD-A5DC-4B35-98A7-D049A47279D2}.Debug|Any CPU.Build.0 = Debug|Any CPU
		{C8D62EDD-A5DC-4B35-98A7-D049A47279D2}.Release|Any CPU.ActiveCfg = Release|Any CPU
		{C8D62EDD-A5DC-4B35-98A7-D049A47279D2}.Release|Any CPU.Build.0 = Release|Any CPU
		{5057F656-972E-4BDD-B669-D05A440B344C}.Debug|Any CPU.ActiveCfg = Debug|Any CPU
		{5057F656-972E-4BDD-B669-D05A440B344C}.Debug|Any CPU.Build.0 = Debug|Any CPU
		{5057F656-972E-4BDD-B669-D05A440B344C}.Release|Any CPU.ActiveCfg = Release|Any CPU
		{5057F656-972E-4BDD-B669-D05A440B344C}.Release|Any CPU.Build.0 = Release|Any CPU
	EndGlobalSection
EndGlobal
